
Microsoft Visual Studio Solution File, Format Version 12.00
# Visual Studio 15
VisualStudioVersion = 15.0.27130.2020
MinimumVisualStudioVersion = 10.0.40219.1
Project("{9A19103F-16F7-4668-BE54-9A1E7A4F7556}") = "VIN.Members.Domain", "VIN.Members\VIN.Members.Domain.csproj", "{2A8EEA36-D269-42EF-88F7-A1DF7BBB3E7B}"
EndProject
Project("{9A19103F-16F7-4668-BE54-9A1E7A4F7556}") = "VIN.Members.API", "VIN.Members.API\VIN.Members.API.csproj", "{EE5E6249-F9E2-4752-B281-D651C8F89803}"
EndProject
Project("{9A19103F-16F7-4668-BE54-9A1E7A4F7556}") = "VIN.Members.Domain.IntegrationTests", "VIN.Members.Domain.IntegrationTests.cs\VIN.Members.Domain.IntegrationTests.csproj", "{D1B2E95D-9ED1-4A79-9411-E09C4D0226BA}"
EndProject
Project("{9A19103F-16F7-4668-BE54-9A1E7A4F7556}") = "VIN.Members.Domain.UnitTests", "VIN.Members.Domain.UnitTests.cs\VIN.Members.Domain.UnitTests.csproj", "{D17886A4-51A2-4EB1-8CC3-B82E0129A291}"
EndProject
Project("{9A19103F-16F7-4668-BE54-9A1E7A4F7556}") = "VIN.Members.API.IntegrationTests", "VIN.Members.API.IntegrationTests.cs\VIN.Members.API.IntegrationTests.csproj", "{E1EF2EDC-22E1-4984-B068-277295113C36}"
EndProject
Project("{FAE04EC0-301F-11D3-BF4B-00C04F79EFBC}") = "VIN.WebApp", "VIN.WebApp\VIN.WebApp.csproj", "{61D9E248-0BE3-4390-8E0E-0CF5E465C80F}"
EndProject
Project("{FAE04EC0-301F-11D3-BF4B-00C04F79EFBC}") = "WebApplication2", "WebApplication2\WebApplication2.csproj", "{115619D2-1C0A-4324-B2C2-AFF9C91DE056}"
EndProject
Project("{9A19103F-16F7-4668-BE54-9A1E7A4F7556}") = "VIN.WebSPA", "VIN.WebSPA\VIN.WebSPA.csproj", "{D108DD24-FF14-4ED2-BACE-3925D757B2A1}"
EndProject
Global
	GlobalSection(SolutionConfigurationPlatforms) = preSolution
		Debug|Any CPU = Debug|Any CPU
		Release|Any CPU = Release|Any CPU
	EndGlobalSection
	GlobalSection(ProjectConfigurationPlatforms) = postSolution
		{2A8EEA36-D269-42EF-88F7-A1DF7BBB3E7B}.Debug|Any CPU.ActiveCfg = Debug|Any CPU
		{2A8EEA36-D269-42EF-88F7-A1DF7BBB3E7B}.Debug|Any CPU.Build.0 = Debug|Any CPU
		{2A8EEA36-D269-42EF-88F7-A1DF7BBB3E7B}.Release|Any CPU.ActiveCfg = Release|Any CPU
		{2A8EEA36-D269-42EF-88F7-A1DF7BBB3E7B}.Release|Any CPU.Build.0 = Release|Any CPU
		{EE5E6249-F9E2-4752-B281-D651C8F89803}.Debug|Any CPU.ActiveCfg = Debug|Any CPU
		{EE5E6249-F9E2-4752-B281-D651C8F89803}.Debug|Any CPU.Build.0 = Debug|Any CPU
		{EE5E6249-F9E2-4752-B281-D651C8F89803}.Release|Any CPU.ActiveCfg = Release|Any CPU
		{EE5E6249-F9E2-4752-B281-D651C8F89803}.Release|Any CPU.Build.0 = Release|Any CPU
		{D1B2E95D-9ED1-4A79-9411-E09C4D0226BA}.Debug|Any CPU.ActiveCfg = Debug|Any CPU
		{D1B2E95D-9ED1-4A79-9411-E09C4D0226BA}.Debug|Any CPU.Build.0 = Debug|Any CPU
		{D1B2E95D-9ED1-4A79-9411-E09C4D0226BA}.Release|Any CPU.ActiveCfg = Release|Any CPU
		{D1B2E95D-9ED1-4A79-9411-E09C4D0226BA}.Release|Any CPU.Build.0 = Release|Any CPU
		{D17886A4-51A2-4EB1-8CC3-B82E0129A291}.Debug|Any CPU.ActiveCfg = Debug|Any CPU
		{D17886A4-51A2-4EB1-8CC3-B82E0129A291}.Debug|Any CPU.Build.0 = Debug|Any CPU
		{D17886A4-51A2-4EB1-8CC3-B82E0129A291}.Release|Any CPU.ActiveCfg = Release|Any CPU
		{D17886A4-51A2-4EB1-8CC3-B82E0129A291}.Release|Any CPU.Build.0 = Release|Any CPU
		{E1EF2EDC-22E1-4984-B068-277295113C36}.Debug|Any CPU.ActiveCfg = Debug|Any CPU
		{E1EF2EDC-22E1-4984-B068-277295113C36}.Debug|Any CPU.Build.0 = Debug|Any CPU
		{E1EF2EDC-22E1-4984-B068-277295113C36}.Release|Any CPU.ActiveCfg = Release|Any CPU
		{E1EF2EDC-22E1-4984-B068-277295113C36}.Release|Any CPU.Build.0 = Release|Any CPU
		{61D9E248-0BE3-4390-8E0E-0CF5E465C80F}.Debug|Any CPU.ActiveCfg = Debug|Any CPU
		{61D9E248-0BE3-4390-8E0E-0CF5E465C80F}.Debug|Any CPU.Build.0 = Debug|Any CPU
		{61D9E248-0BE3-4390-8E0E-0CF5E465C80F}.Release|Any CPU.ActiveCfg = Release|Any CPU
		{61D9E248-0BE3-4390-8E0E-0CF5E465C80F}.Release|Any CPU.Build.0 = Release|Any CPU
		{115619D2-1C0A-4324-B2C2-AFF9C91DE056}.Debug|Any CPU.ActiveCfg = Debug|Any CPU
		{115619D2-1C0A-4324-B2C2-AFF9C91DE056}.Debug|Any CPU.Build.0 = Debug|Any CPU
		{115619D2-1C0A-4324-B2C2-AFF9C91DE056}.Release|Any CPU.ActiveCfg = Release|Any CPU
		{115619D2-1C0A-4324-B2C2-AFF9C91DE056}.Release|Any CPU.Build.0 = Release|Any CPU
		{D108DD24-FF14-4ED2-BACE-3925D757B2A1}.Debug|Any CPU.ActiveCfg = Debug|Any CPU
		{D108DD24-FF14-4ED2-BACE-3925D757B2A1}.Debug|Any CPU.Build.0 = Debug|Any CPU
		{D108DD24-FF14-4ED2-BACE-3925D757B2A1}.Release|Any CPU.ActiveCfg = Release|Any CPU
		{D108DD24-FF14-4ED2-BACE-3925D757B2A1}.Release|Any CPU.Build.0 = Release|Any CPU
	EndGlobalSection
	GlobalSection(SolutionProperties) = preSolution
		HideSolutionNode = FALSE
	EndGlobalSection
	GlobalSection(ExtensibilityGlobals) = postSolution
		SolutionGuid = {B5478ACB-6118-43FA-98C5-360EE36281D1}
	EndGlobalSection
EndGlobal
